
Microsoft Visual Studio Solution File, Format Version 12.00
# Visual Studio Version 16
VisualStudioVersion = 16.0.30104.148
MinimumVisualStudioVersion = 10.0.40219.1
Project("{FAE04EC0-301F-11D3-BF4B-00C04F79EFBC}") = "AdventOfCode2021", "AdventOfCode2021.csproj", "{0A575D7E-1975-42B3-8A88-B57578191247}"
EndProject
Global
	GlobalSection(SolutionConfigurationPlatforms) = preSolution
		Debug|Any CPU = Debug|Any CPU
		Release|Any CPU = Release|Any CPU
	EndGlobalSection
	GlobalSection(ProjectConfigurationPlatforms) = postSolution
		{0A575D7E-1975-42B3-8A88-B57578191247}.Debug|Any CPU.ActiveCfg = Debug|Any CPU
		{0A575D7E-1975-42B3-8A88-B57578191247}.Debug|Any CPU.Build.0 = Debug|Any CPU
		{0A575D7E-1975-42B3-8A88-B57578191247}.Release|Any CPU.ActiveCfg = Release|Any CPU
		{0A575D7E-1975-42B3-8A88-B57578191247}.Release|Any CPU.Build.0 = Release|Any CPU
	EndGlobalSection
	GlobalSection(SolutionProperties) = preSolution
		HideSolutionNode = FALSE
	EndGlobalSection
	GlobalSection(ExtensibilityGlobals) = postSolution
		SolutionGuid = {B6099356-7152-4615-ADFD-D0B87121E0CC}
	EndGlobalSection
EndGlobal
